
Microsoft Visual Studio Solution File, Format Version 12.00
# Visual Studio Version 17
VisualStudioVersion = 17.0.31903.59
MinimumVisualStudioVersion = 10.0.40219.1
Project("{2150E333-8FDC-42A3-9474-1A3956D46DE8}") = "src", "src", "{827E0CD3-B72D-47B6-A68D-7590B98EB39B}"
EndProject
Project("{FAE04EC0-301F-11D3-BF4B-00C04F79EFBC}") = "TodoApp.Domain", "src\TodoApp.Domain\TodoApp.Domain.csproj", "{16CF115C-913C-48A7-9D5F-2101CB568D34}"
EndProject
Project("{FAE04EC0-301F-11D3-BF4B-00C04F79EFBC}") = "TodoApp.Application", "src\TodoApp.Application\TodoApp.Application.csproj", "{D13A2C86-008A-40C2-AF8E-EF9678C677DA}"
EndProject
Project("{FAE04EC0-301F-11D3-BF4B-00C04F79EFBC}") = "TodoApp.Infrastructure", "src\TodoApp.Infrastructure\TodoApp.Infrastructure.csproj", "{FDDD42FA-2108-44E9-AD5D-F1C497C05284}"
EndProject
Project("{FAE04EC0-301F-11D3-BF4B-00C04F79EFBC}") = "TodoApp.Api", "src\TodoApp.Api\TodoApp.Api.csproj", "{913F991F-41B4-4C42-A666-233BADFA163A}"
EndProject
Project("{2150E333-8FDC-42A3-9474-1A3956D46DE8}") = "tests", "tests", "{0AB3BF05-4346-4AA6-1389-037BE0695223}"
EndProject
Project("{FAE04EC0-301F-11D3-BF4B-00C04F79EFBC}") = "TodoApp.Api.Tests", "tests\TodoApp.Api.Tests\TodoApp.Api.Tests.csproj", "{E743D649-8A25-458C-864D-3ED7B61702E3}"
EndProject
Project("{FAE04EC0-301F-11D3-BF4B-00C04F79EFBC}") = "TodoApp.Application.Tests", "tests\TodoApp.Application.Tests\TodoApp.Application.Tests.csproj", "{DE7F8BCD-7D23-410E-B388-DE2645C305D2}"
EndProject
Project("{FAE04EC0-301F-11D3-BF4B-00C04F79EFBC}") = "TodoApp.Domain.Tests", "tests\TodoApp.Domain.Tests\TodoApp.Domain.Tests.csproj", "{A5002962-68B2-4393-B055-1CFABE0825F1}"
EndProject
Project("{FAE04EC0-301F-11D3-BF4B-00C04F79EFBC}") = "TodoApp.Infrastructure.Tests", "tests\TodoApp.Infrastructure.Tests\TodoApp.Infrastructure.Tests.csproj", "{26491FA5-2A6C-443D-92BC-0ACBDA0745C4}"
EndProject
Project("{FAE04EC0-301F-11D3-BF4B-00C04F79EFBC}") = "TodoApp.Console", "src\TodoApp.Console\TodoApp.Console.csproj", "{BFCDAFC5-7A70-42AF-A897-6792C9587F58}"
EndProject
Global
	GlobalSection(SolutionConfigurationPlatforms) = preSolution
		Debug|Any CPU = Debug|Any CPU
		Debug|x64 = Debug|x64
		Debug|x86 = Debug|x86
		Release|Any CPU = Release|Any CPU
		Release|x64 = Release|x64
		Release|x86 = Release|x86
	EndGlobalSection
	GlobalSection(ProjectConfigurationPlatforms) = postSolution
		{16CF115C-913C-48A7-9D5F-2101CB568D34}.Debug|Any CPU.ActiveCfg = Debug|Any CPU
		{16CF115C-913C-48A7-9D5F-2101CB568D34}.Debug|Any CPU.Build.0 = Debug|Any CPU
		{16CF115C-913C-48A7-9D5F-2101CB568D34}.Debug|x64.ActiveCfg = Debug|Any CPU
		{16CF115C-913C-48A7-9D5F-2101CB568D34}.Debug|x64.Build.0 = Debug|Any CPU
		{16CF115C-913C-48A7-9D5F-2101CB568D34}.Debug|x86.ActiveCfg = Debug|Any CPU
		{16CF115C-913C-48A7-9D5F-2101CB568D34}.Debug|x86.Build.0 = Debug|Any CPU
		{16CF115C-913C-48A7-9D5F-2101CB568D34}.Release|Any CPU.ActiveCfg = Release|Any CPU
		{16CF115C-913C-48A7-9D5F-2101CB568D34}.Release|Any CPU.Build.0 = Release|Any CPU
		{16CF115C-913C-48A7-9D5F-2101CB568D34}.Release|x64.ActiveCfg = Release|Any CPU
		{16CF115C-913C-48A7-9D5F-2101CB568D34}.Release|x64.Build.0 = Release|Any CPU
		{16CF115C-913C-48A7-9D5F-2101CB568D34}.Release|x86.ActiveCfg = Release|Any CPU
		{16CF115C-913C-48A7-9D5F-2101CB568D34}.Release|x86.Build.0 = Release|Any CPU
		{D13A2C86-008A-40C2-AF8E-EF9678C677DA}.Debug|Any CPU.ActiveCfg = Debug|Any CPU
		{D13A2C86-008A-40C2-AF8E-EF9678C677DA}.Debug|Any CPU.Build.0 = Debug|Any CPU
		{D13A2C86-008A-40C2-AF8E-EF9678C677DA}.Debug|x64.ActiveCfg = Debug|Any CPU
		{D13A2C86-008A-40C2-AF8E-EF9678C677DA}.Debug|x64.Build.0 = Debug|Any CPU
		{D13A2C86-008A-40C2-AF8E-EF9678C677DA}.Debug|x86.ActiveCfg = Debug|Any CPU
		{D13A2C86-008A-40C2-AF8E-EF9678C677DA}.Debug|x86.Build.0 = Debug|Any CPU
		{D13A2C86-008A-40C2-AF8E-EF9678C677DA}.Release|Any CPU.ActiveCfg = Release|Any CPU
		{D13A2C86-008A-40C2-AF8E-EF9678C677DA}.Release|Any CPU.Build.0 = Release|Any CPU
		{D13A2C86-008A-40C2-AF8E-EF9678C677DA}.Release|x64.ActiveCfg = Release|Any CPU
		{D13A2C86-008A-40C2-AF8E-EF9678C677DA}.Release|x64.Build.0 = Release|Any CPU
		{D13A2C86-008A-40C2-AF8E-EF9678C677DA}.Release|x86.ActiveCfg = Release|Any CPU
		{D13A2C86-008A-40C2-AF8E-EF9678C677DA}.Release|x86.Build.0 = Release|Any CPU
		{FDDD42FA-2108-44E9-AD5D-F1C497C05284}.Debug|Any CPU.ActiveCfg = Debug|Any CPU
		{FDDD42FA-2108-44E9-AD5D-F1C497C05284}.Debug|Any CPU.Build.0 = Debug|Any CPU
		{FDDD42FA-2108-44E9-AD5D-F1C497C05284}.Debug|x64.ActiveCfg = Debug|Any CPU
		{FDDD42FA-2108-44E9-AD5D-F1C497C05284}.Debug|x64.Build.0 = Debug|Any CPU
		{FDDD42FA-2108-44E9-AD5D-F1C497C05284}.Debug|x86.ActiveCfg = Debug|Any CPU
		{FDDD42FA-2108-44E9-AD5D-F1C497C05284}.Debug|x86.Build.0 = Debug|Any CPU
		{FDDD42FA-2108-44E9-AD5D-F1C497C05284}.Release|Any CPU.ActiveCfg = Release|Any CPU
		{FDDD42FA-2108-44E9-AD5D-F1C497C05284}.Release|Any CPU.Build.0 = Release|Any CPU
		{FDDD42FA-2108-44E9-AD5D-F1C497C05284}.Release|x64.ActiveCfg = Release|Any CPU
		{FDDD42FA-2108-44E9-AD5D-F1C497C05284}.Release|x64.Build.0 = Release|Any CPU
		{FDDD42FA-2108-44E9-AD5D-F1C497C05284}.Release|x86.ActiveCfg = Release|Any CPU
		{FDDD42FA-2108-44E9-AD5D-F1C497C05284}.Release|x86.Build.0 = Release|Any CPU
		{913F991F-41B4-4C42-A666-233BADFA163A}.Debug|Any CPU.ActiveCfg = Debug|Any CPU
		{913F991F-41B4-4C42-A666-233BADFA163A}.Debug|Any CPU.Build.0 = Debug|Any CPU
		{913F991F-41B4-4C42-A666-233BADFA163A}.Debug|x64.ActiveCfg = Debug|Any CPU
		{913F991F-41B4-4C42-A666-233BADFA163A}.Debug|x64.Build.0 = Debug|Any CPU
		{913F991F-41B4-4C42-A666-233BADFA163A}.Debug|x86.ActiveCfg = Debug|Any CPU
		{913F991F-41B4-4C42-A666-233BADFA163A}.Debug|x86.Build.0 = Debug|Any CPU
		{913F991F-41B4-4C42-A666-233BADFA163A}.Release|Any CPU.ActiveCfg = Release|Any CPU
		{913F991F-41B4-4C42-A666-233BADFA163A}.Release|Any CPU.Build.0 = Release|Any CPU
		{913F991F-41B4-4C42-A666-233BADFA163A}.Release|x64.ActiveCfg = Release|Any CPU
		{913F991F-41B4-4C42-A666-233BADFA163A}.Release|x64.Build.0 = Release|Any CPU
		{913F991F-41B4-4C42-A666-233BADFA163A}.Release|x86.ActiveCfg = Release|Any CPU
		{913F991F-41B4-4C42-A666-233BADFA163A}.Release|x86.Build.0 = Release|Any CPU
		{E743D649-8A25-458C-864D-3ED7B61702E3}.Debug|Any CPU.ActiveCfg = Debug|Any CPU
		{E743D649-8A25-458C-864D-3ED7B61702E3}.Debug|Any CPU.Build.0 = Debug|Any CPU
		{E743D649-8A25-458C-864D-3ED7B61702E3}.Debug|x64.ActiveCfg = Debug|Any CPU
		{E743D649-8A25-458C-864D-3ED7B61702E3}.Debug|x64.Build.0 = Debug|Any CPU
		{E743D649-8A25-458C-864D-3ED7B61702E3}.Debug|x86.ActiveCfg = Debug|Any CPU
		{E743D649-8A25-458C-864D-3ED7B61702E3}.Debug|x86.Build.0 = Debug|Any CPU
		{E743D649-8A25-458C-864D-3ED7B61702E3}.Release|Any CPU.ActiveCfg = Release|Any CPU
		{E743D649-8A25-458C-864D-3ED7B61702E3}.Release|Any CPU.Build.0 = Release|Any CPU
		{E743D649-8A25-458C-864D-3ED7B61702E3}.Release|x64.ActiveCfg = Release|Any CPU
		{E743D649-8A25-458C-864D-3ED7B61702E3}.Release|x64.Build.0 = Release|Any CPU
		{E743D649-8A25-458C-864D-3ED7B61702E3}.Release|x86.ActiveCfg = Release|Any CPU
		{E743D649-8A25-458C-864D-3ED7B61702E3}.Release|x86.Build.0 = Release|Any CPU
		{DE7F8BCD-7D23-410E-B388-DE2645C305D2}.Debug|Any CPU.ActiveCfg = Debug|Any CPU
		{DE7F8BCD-7D23-410E-B388-DE2645C305D2}.Debug|Any CPU.Build.0 = Debug|Any CPU
		{DE7F8BCD-7D23-410E-B388-DE2645C305D2}.Debug|x64.ActiveCfg = Debug|Any CPU
		{DE7F8BCD-7D23-410E-B388-DE2645C305D2}.Debug|x64.Build.0 = Debug|Any CPU
		{DE7F8BCD-7D23-410E-B388-DE2645C305D2}.Debug|x86.ActiveCfg = Debug|Any CPU
		{DE7F8BCD-7D23-410E-B388-DE2645C305D2}.Debug|x86.Build.0 = Debug|Any CPU
		{DE7F8BCD-7D23-410E-B388-DE2645C305D2}.Release|Any CPU.ActiveCfg = Release|Any CPU
		{DE7F8BCD-7D23-410E-B388-DE2645C305D2}.Release|Any CPU.Build.0 = Release|Any CPU
		{DE7F8BCD-7D23-410E-B388-DE2645C305D2}.Release|x64.ActiveCfg = Release|Any CPU
		{DE7F8BCD-7D23-410E-B388-DE2645C305D2}.Release|x64.Build.0 = Release|Any CPU
		{DE7F8BCD-7D23-410E-B388-DE2645C305D2}.Release|x86.ActiveCfg = Release|Any CPU
		{DE7F8BCD-7D23-410E-B388-DE2645C305D2}.Release|x86.Build.0 = Release|Any CPU
		{A5002962-68B2-4393-B055-1CFABE0825F1}.Debug|Any CPU.ActiveCfg = Debug|Any CPU
		{A5002962-68B2-4393-B055-1CFABE0825F1}.Debug|Any CPU.Build.0 = Debug|Any CPU
		{A5002962-68B2-4393-B055-1CFABE0825F1}.Debug|x64.ActiveCfg = Debug|Any CPU
		{A5002962-68B2-4393-B055-1CFABE0825F1}.Debug|x64.Build.0 = Debug|Any CPU
		{A5002962-68B2-4393-B055-1CFABE0825F1}.Debug|x86.ActiveCfg = Debug|Any CPU
		{A5002962-68B2-4393-B055-1CFABE0825F1}.Debug|x86.Build.0 = Debug|Any CPU
		{A5002962-68B2-4393-B055-1CFABE0825F1}.Release|Any CPU.ActiveCfg = Release|Any CPU
		{A5002962-68B2-4393-B055-1CFABE0825F1}.Release|Any CPU.Build.0 = Release|Any CPU
		{A5002962-68B2-4393-B055-1CFABE0825F1}.Release|x64.ActiveCfg = Release|Any CPU
		{A5002962-68B2-4393-B055-1CFABE0825F1}.Release|x64.Build.0 = Release|Any CPU
		{A5002962-68B2-4393-B055-1CFABE0825F1}.Release|x86.ActiveCfg = Release|Any CPU
		{A5002962-68B2-4393-B055-1CFABE0825F1}.Release|x86.Build.0 = Release|Any CPU
		{26491FA5-2A6C-443D-92BC-0ACBDA0745C4}.Debug|Any CPU.ActiveCfg = Debug|Any CPU
		{26491FA5-2A6C-443D-92BC-0ACBDA0745C4}.Debug|Any CPU.Build.0 = Debug|Any CPU
		{26491FA5-2A6C-443D-92BC-0ACBDA0745C4}.Debug|x64.ActiveCfg = Debug|Any CPU
		{26491FA5-2A6C-443D-92BC-0ACBDA0745C4}.Debug|x64.Build.0 = Debug|Any CPU
		{26491FA5-2A6C-443D-92BC-0ACBDA0745C4}.Debug|x86.ActiveCfg = Debug|Any CPU
		{26491FA5-2A6C-443D-92BC-0ACBDA0745C4}.Debug|x86.Build.0 = Debug|Any CPU
		{26491FA5-2A6C-443D-92BC-0ACBDA0745C4}.Release|Any CPU.ActiveCfg = Release|Any CPU
		{26491FA5-2A6C-443D-92BC-0ACBDA0745C4}.Release|Any CPU.Build.0 = Release|Any CPU
		{26491FA5-2A6C-443D-92BC-0ACBDA0745C4}.Release|x64.ActiveCfg = Release|Any CPU
		{26491FA5-2A6C-443D-92BC-0ACBDA0745C4}.Release|x64.Build.0 = Release|Any CPU
		{26491FA5-2A6C-443D-92BC-0ACBDA0745C4}.Release|x86.ActiveCfg = Release|Any CPU
		{26491FA5-2A6C-443D-92BC-0ACBDA0745C4}.Release|x86.Build.0 = Release|Any CPU
		{BFCDAFC5-7A70-42AF-A897-6792C9587F58}.Debug|Any CPU.ActiveCfg = Debug|Any CPU
		{BFCDAFC5-7A70-42AF-A897-6792C9587F58}.Debug|Any CPU.Build.0 = Debug|Any CPU
		{BFCDAFC5-7A70-42AF-A897-6792C9587F58}.Debug|x64.ActiveCfg = Debug|Any CPU
		{BFCDAFC5-7A70-42AF-A897-6792C9587F58}.Debug|x64.Build.0 = Debug|Any CPU
		{BFCDAFC5-7A70-42AF-A897-6792C9587F58}.Debug|x86.ActiveCfg = Debug|Any CPU
		{BFCDAFC5-7A70-42AF-A897-6792C9587F58}.Debug|x86.Build.0 = Debug|Any CPU
		{BFCDAFC5-7A70-42AF-A897-6792C9587F58}.Release|Any CPU.ActiveCfg = Release|Any CPU
		{BFCDAFC5-7A70-42AF-A897-6792C9587F58}.Release|Any CPU.Build.0 = Release|Any CPU
		{BFCDAFC5-7A70-42AF-A897-6792C9587F58}.Release|x64.ActiveCfg = Release|Any CPU
		{BFCDAFC5-7A70-42AF-A897-6792C9587F58}.Release|x64.Build.0 = Release|Any CPU
		{BFCDAFC5-7A70-42AF-A897-6792C9587F58}.Release|x86.ActiveCfg = Release|Any CPU
		{BFCDAFC5-7A70-42AF-A897-6792C9587F58}.Release|x86.Build.0 = Release|Any CPU
	EndGlobalSection
	GlobalSection(SolutionProperties) = preSolution
		HideSolutionNode = FALSE
	EndGlobalSection
	GlobalSection(NestedProjects) = preSolution
		{16CF115C-913C-48A7-9D5F-2101CB568D34} = {827E0CD3-B72D-47B6-A68D-7590B98EB39B}
		{D13A2C86-008A-40C2-AF8E-EF9678C677DA} = {827E0CD3-B72D-47B6-A68D-7590B98EB39B}
		{FDDD42FA-2108-44E9-AD5D-F1C497C05284} = {827E0CD3-B72D-47B6-A68D-7590B98EB39B}
		{913F991F-41B4-4C42-A666-233BADFA163A} = {827E0CD3-B72D-47B6-A68D-7590B98EB39B}
		{E743D649-8A25-458C-864D-3ED7B61702E3} = {0AB3BF05-4346-4AA6-1389-037BE0695223}
		{DE7F8BCD-7D23-410E-B388-DE2645C305D2} = {0AB3BF05-4346-4AA6-1389-037BE0695223}
		{A5002962-68B2-4393-B055-1CFABE0825F1} = {0AB3BF05-4346-4AA6-1389-037BE0695223}
		{26491FA5-2A6C-443D-92BC-0ACBDA0745C4} = {0AB3BF05-4346-4AA6-1389-037BE0695223}
		{BFCDAFC5-7A70-42AF-A897-6792C9587F58} = {827E0CD3-B72D-47B6-A68D-7590B98EB39B}
	EndGlobalSection
EndGlobal
